// !$*UTF8*$!
{
	archiveVersion = 1;
	classes = {
	};
	objectVersion = 55;
	objects = {

/* Begin PBXBuildFile section */
		9D53203127EBE5EB0067CE79 /* AppDelegate.swift in Sources */ = {isa = PBXBuildFile; fileRef = 9D53203027EBE5EB0067CE79 /* AppDelegate.swift */; };
		9D53203327EBE5EB0067CE79 /* SceneDelegate.swift in Sources */ = {isa = PBXBuildFile; fileRef = 9D53203227EBE5EB0067CE79 /* SceneDelegate.swift */; };
		9D53203527EBE5EB0067CE79 /* LogsViewController.swift in Sources */ = {isa = PBXBuildFile; fileRef = 9D53203427EBE5EB0067CE79 /* LogsViewController.swift */; };
		9D53203827EBE5EB0067CE79 /* Main.storyboard in Resources */ = {isa = PBXBuildFile; fileRef = 9D53203627EBE5EB0067CE79 /* Main.storyboard */; };
		9D53203A27EBE5ED0067CE79 /* Assets.xcassets in Resources */ = {isa = PBXBuildFile; fileRef = 9D53203927EBE5ED0067CE79 /* Assets.xcassets */; };
		9D53203D27EBE5ED0067CE79 /* LaunchScreen.storyboard in Resources */ = {isa = PBXBuildFile; fileRef = 9D53203B27EBE5ED0067CE79 /* LaunchScreen.storyboard */; };
		9DF9FADC28EFD1D6001A4331 /* String+TitleCased.swift in Sources */ = {isa = PBXBuildFile; fileRef = 9DF9FADB28EFD1D6001A4331 /* String+TitleCased.swift */; };
		9DF9FADE28EFD1E5001A4331 /* Color+Hex.swift in Sources */ = {isa = PBXBuildFile; fileRef = 9DF9FADD28EFD1E5001A4331 /* Color+Hex.swift */; };
		9DF9FAE128EFD1FC001A4331 /* Keys.swift in Sources */ = {isa = PBXBuildFile; fileRef = 9DF9FAE028EFD1FC001A4331 /* Keys.swift */; };
		9DF9FAE328EFD209001A4331 /* VeryfiSwitch.swift in Sources */ = {isa = PBXBuildFile; fileRef = 9DF9FAE228EFD209001A4331 /* VeryfiSwitch.swift */; };
		9DF9FAE628EFD223001A4331 /* SwitchTableViewCell.swift in Sources */ = {isa = PBXBuildFile; fileRef = 9DF9FAE528EFD223001A4331 /* SwitchTableViewCell.swift */; };
		9DF9FAE828EFD234001A4331 /* ValueTableViewCell.swift in Sources */ = {isa = PBXBuildFile; fileRef = 9DF9FAE728EFD234001A4331 /* ValueTableViewCell.swift */; };
		9DF9FAEA28EFD241001A4331 /* ColorTableViewCell.swift in Sources */ = {isa = PBXBuildFile; fileRef = 9DF9FAE928EFD241001A4331 /* ColorTableViewCell.swift */; };
		9DF9FAEC28EFD262001A4331 /* LensSettingsViewController.swift in Sources */ = {isa = PBXBuildFile; fileRef = 9DF9FAEB28EFD262001A4331 /* LensSettingsViewController.swift */; };
		9DF9FAEE28EFD272001A4331 /* LensSettings+TableViewDataSource.swift in Sources */ = {isa = PBXBuildFile; fileRef = 9DF9FAED28EFD272001A4331 /* LensSettings+TableViewDataSource.swift */; };
		9DF9FAF028EFD283001A4331 /* LensSettingsViewController+TableViewDelegate.swift in Sources */ = {isa = PBXBuildFile; fileRef = 9DF9FAEF28EFD283001A4331 /* LensSettingsViewController+TableViewDelegate.swift */; };
		9DF9FAF228EFD290001A4331 /* LensSettingsViewController+ColorPickerDelegate.swift in Sources */ = {isa = PBXBuildFile; fileRef = 9DF9FAF128EFD290001A4331 /* LensSettingsViewController+ColorPickerDelegate.swift */; };
		BDCDB64BA35EA50CA0C74C64 /* Pods_LensChecksDemo.framework in Frameworks */ = {isa = PBXBuildFile; fileRef = 0C08A9E36E7695563A115039 /* Pods_LensChecksDemo.framework */; };
/* End PBXBuildFile section */

/* Begin PBXFileReference section */
		079F8E0682EE432FA0393AE5 /* Pods-LensChecksDemo.debug.xcconfig */ = {isa = PBXFileReference; includeInIndex = 1; lastKnownFileType = text.xcconfig; name = "Pods-LensChecksDemo.debug.xcconfig"; path = "Target Support Files/Pods-LensChecksDemo/Pods-LensChecksDemo.debug.xcconfig"; sourceTree = "<group>"; };
		0C08A9E36E7695563A115039 /* Pods_LensChecksDemo.framework */ = {isa = PBXFileReference; explicitFileType = wrapper.framework; includeInIndex = 0; path = Pods_LensChecksDemo.framework; sourceTree = BUILT_PRODUCTS_DIR; };
		810907D8964889BD80E1A1D9 /* Pods-LensChecksDemo.release.xcconfig */ = {isa = PBXFileReference; includeInIndex = 1; lastKnownFileType = text.xcconfig; name = "Pods-LensChecksDemo.release.xcconfig"; path = "Target Support Files/Pods-LensChecksDemo/Pods-LensChecksDemo.release.xcconfig"; sourceTree = "<group>"; };
		9D53202D27EBE5EB0067CE79 /* LensChecksDemo.app */ = {isa = PBXFileReference; explicitFileType = wrapper.application; includeInIndex = 0; path = LensChecksDemo.app; sourceTree = BUILT_PRODUCTS_DIR; };
		9D53203027EBE5EB0067CE79 /* AppDelegate.swift */ = {isa = PBXFileReference; lastKnownFileType = sourcecode.swift; path = AppDelegate.swift; sourceTree = "<group>"; };
		9D53203227EBE5EB0067CE79 /* SceneDelegate.swift */ = {isa = PBXFileReference; lastKnownFileType = sourcecode.swift; path = SceneDelegate.swift; sourceTree = "<group>"; };
		9D53203427EBE5EB0067CE79 /* LogsViewController.swift */ = {isa = PBXFileReference; lastKnownFileType = sourcecode.swift; path = LogsViewController.swift; sourceTree = "<group>"; };
		9D53203727EBE5EB0067CE79 /* Base */ = {isa = PBXFileReference; lastKnownFileType = file.storyboard; name = Base; path = Base.lproj/Main.storyboard; sourceTree = "<group>"; };
		9D53203927EBE5ED0067CE79 /* Assets.xcassets */ = {isa = PBXFileReference; lastKnownFileType = folder.assetcatalog; path = Assets.xcassets; sourceTree = "<group>"; };
		9D53203C27EBE5ED0067CE79 /* Base */ = {isa = PBXFileReference; lastKnownFileType = file.storyboard; name = Base; path = Base.lproj/LaunchScreen.storyboard; sourceTree = "<group>"; };
		9D53203E27EBE5ED0067CE79 /* Info.plist */ = {isa = PBXFileReference; lastKnownFileType = text.plist.xml; path = Info.plist; sourceTree = "<group>"; };
		9DF9FADB28EFD1D6001A4331 /* String+TitleCased.swift */ = {isa = PBXFileReference; lastKnownFileType = sourcecode.swift; path = "String+TitleCased.swift"; sourceTree = "<group>"; };
		9DF9FADD28EFD1E5001A4331 /* Color+Hex.swift */ = {isa = PBXFileReference; lastKnownFileType = sourcecode.swift; path = "Color+Hex.swift"; sourceTree = "<group>"; };
		9DF9FAE028EFD1FC001A4331 /* Keys.swift */ = {isa = PBXFileReference; lastKnownFileType = sourcecode.swift; path = Keys.swift; sourceTree = "<group>"; };
		9DF9FAE228EFD209001A4331 /* VeryfiSwitch.swift */ = {isa = PBXFileReference; lastKnownFileType = sourcecode.swift; path = VeryfiSwitch.swift; sourceTree = "<group>"; };
		9DF9FAE528EFD223001A4331 /* SwitchTableViewCell.swift */ = {isa = PBXFileReference; lastKnownFileType = sourcecode.swift; path = SwitchTableViewCell.swift; sourceTree = "<group>"; };
		9DF9FAE728EFD234001A4331 /* ValueTableViewCell.swift */ = {isa = PBXFileReference; lastKnownFileType = sourcecode.swift; path = ValueTableViewCell.swift; sourceTree = "<group>"; };
		9DF9FAE928EFD241001A4331 /* ColorTableViewCell.swift */ = {isa = PBXFileReference; lastKnownFileType = sourcecode.swift; path = ColorTableViewCell.swift; sourceTree = "<group>"; };
		9DF9FAEB28EFD262001A4331 /* LensSettingsViewController.swift */ = {isa = PBXFileReference; lastKnownFileType = sourcecode.swift; path = LensSettingsViewController.swift; sourceTree = "<group>"; };
		9DF9FAED28EFD272001A4331 /* LensSettings+TableViewDataSource.swift */ = {isa = PBXFileReference; lastKnownFileType = sourcecode.swift; path = "LensSettings+TableViewDataSource.swift"; sourceTree = "<group>"; };
		9DF9FAEF28EFD283001A4331 /* LensSettingsViewController+TableViewDelegate.swift */ = {isa = PBXFileReference; lastKnownFileType = sourcecode.swift; path = "LensSettingsViewController+TableViewDelegate.swift"; sourceTree = "<group>"; };
		9DF9FAF128EFD290001A4331 /* LensSettingsViewController+ColorPickerDelegate.swift */ = {isa = PBXFileReference; lastKnownFileType = sourcecode.swift; path = "LensSettingsViewController+ColorPickerDelegate.swift"; sourceTree = "<group>"; };
/* End PBXFileReference section */

/* Begin PBXFrameworksBuildPhase section */
		9D53202A27EBE5EB0067CE79 /* Frameworks */ = {
			isa = PBXFrameworksBuildPhase;
			buildActionMask = 2147483647;
			files = (
				BDCDB64BA35EA50CA0C74C64 /* Pods_LensChecksDemo.framework in Frameworks */,
			);
			runOnlyForDeploymentPostprocessing = 0;
		};
/* End PBXFrameworksBuildPhase section */

/* Begin PBXGroup section */
		067631E63417D0C762FDCC18 /* Pods */ = {
			isa = PBXGroup;
			children = (
				079F8E0682EE432FA0393AE5 /* Pods-LensChecksDemo.debug.xcconfig */,
				810907D8964889BD80E1A1D9 /* Pods-LensChecksDemo.release.xcconfig */,
			);
			path = Pods;
			sourceTree = "<group>";
		};
		151474C8E7DC00ABDA502C57 /* Frameworks */ = {
			isa = PBXGroup;
			children = (
				0C08A9E36E7695563A115039 /* Pods_LensChecksDemo.framework */,
			);
			name = Frameworks;
			sourceTree = "<group>";
		};
		9D53202427EBE5EB0067CE79 = {
			isa = PBXGroup;
			children = (
				9D53202F27EBE5EB0067CE79 /* LensChecksDemo */,
				9D53202E27EBE5EB0067CE79 /* Products */,
				067631E63417D0C762FDCC18 /* Pods */,
				151474C8E7DC00ABDA502C57 /* Frameworks */,
			);
			sourceTree = "<group>";
		};
		9D53202E27EBE5EB0067CE79 /* Products */ = {
			isa = PBXGroup;
			children = (
				9D53202D27EBE5EB0067CE79 /* LensChecksDemo.app */,
			);
			name = Products;
			sourceTree = "<group>";
		};
		9D53202F27EBE5EB0067CE79 /* LensChecksDemo */ = {
			isa = PBXGroup;
			children = (
				9DF9FAE428EFD212001A4331 /* Cell */,
				9DF9FADF28EFD1F3001A4331 /* Utils */,
				9DF9FADA28EFD1CE001A4331 /* Extensions */,
				9D53203027EBE5EB0067CE79 /* AppDelegate.swift */,
				9D53203227EBE5EB0067CE79 /* SceneDelegate.swift */,
				9D53203427EBE5EB0067CE79 /* LogsViewController.swift */,
				9D53203627EBE5EB0067CE79 /* Main.storyboard */,
				9D53203927EBE5ED0067CE79 /* Assets.xcassets */,
				9D53203B27EBE5ED0067CE79 /* LaunchScreen.storyboard */,
				9D53203E27EBE5ED0067CE79 /* Info.plist */,
				9DF9FAEB28EFD262001A4331 /* LensSettingsViewController.swift */,
				9DF9FAED28EFD272001A4331 /* LensSettings+TableViewDataSource.swift */,
				9DF9FAEF28EFD283001A4331 /* LensSettingsViewController+TableViewDelegate.swift */,
				9DF9FAF128EFD290001A4331 /* LensSettingsViewController+ColorPickerDelegate.swift */,
			);
			path = LensChecksDemo;
			sourceTree = "<group>";
		};
		9DF9FADA28EFD1CE001A4331 /* Extensions */ = {
			isa = PBXGroup;
			children = (
				9DF9FADB28EFD1D6001A4331 /* String+TitleCased.swift */,
				9DF9FADD28EFD1E5001A4331 /* Color+Hex.swift */,
			);
			path = Extensions;
			sourceTree = "<group>";
		};
		9DF9FADF28EFD1F3001A4331 /* Utils */ = {
			isa = PBXGroup;
			children = (
				9DF9FAE028EFD1FC001A4331 /* Keys.swift */,
				9DF9FAE228EFD209001A4331 /* VeryfiSwitch.swift */,
			);
			path = Utils;
			sourceTree = "<group>";
		};
		9DF9FAE428EFD212001A4331 /* Cell */ = {
			isa = PBXGroup;
			children = (
				9DF9FAE528EFD223001A4331 /* SwitchTableViewCell.swift */,
				9DF9FAE728EFD234001A4331 /* ValueTableViewCell.swift */,
				9DF9FAE928EFD241001A4331 /* ColorTableViewCell.swift */,
			);
			path = Cell;
			sourceTree = "<group>";
		};
/* End PBXGroup section */

/* Begin PBXNativeTarget section */
		9D53202C27EBE5EB0067CE79 /* LensChecksDemo */ = {
			isa = PBXNativeTarget;
			buildConfigurationList = 9D53204127EBE5ED0067CE79 /* Build configuration list for PBXNativeTarget "LensChecksDemo" */;
			buildPhases = (
				BE29ADEBC450077749958A07 /* [CP] Check Pods Manifest.lock */,
				9D53202927EBE5EB0067CE79 /* Sources */,
				9D53202A27EBE5EB0067CE79 /* Frameworks */,
				9D53202B27EBE5EB0067CE79 /* Resources */,
				9D232E1428C0836500774F9C /* Add env variables */,
				DE04917BCE3D997951CC3AE4 /* [CP] Embed Pods Frameworks */,
			);
			buildRules = (
			);
			dependencies = (
			);
			name = LensChecksDemo;
			productName = LensChecksDemo;
			productReference = 9D53202D27EBE5EB0067CE79 /* LensChecksDemo.app */;
			productType = "com.apple.product-type.application";
		};
/* End PBXNativeTarget section */

/* Begin PBXProject section */
		9D53202527EBE5EB0067CE79 /* Project object */ = {
			isa = PBXProject;
			attributes = {
				BuildIndependentTargetsInParallel = 1;
				LastSwiftUpdateCheck = 1320;
				LastUpgradeCheck = 1320;
				TargetAttributes = {
					9D53202C27EBE5EB0067CE79 = {
						CreatedOnToolsVersion = 13.2.1;
					};
				};
			};
			buildConfigurationList = 9D53202827EBE5EB0067CE79 /* Build configuration list for PBXProject "LensChecksDemo" */;
			compatibilityVersion = "Xcode 13.0";
			developmentRegion = en;
			hasScannedForEncodings = 0;
			knownRegions = (
				en,
				Base,
			);
			mainGroup = 9D53202427EBE5EB0067CE79;
			productRefGroup = 9D53202E27EBE5EB0067CE79 /* Products */;
			projectDirPath = "";
			projectRoot = "";
			targets = (
				9D53202C27EBE5EB0067CE79 /* LensChecksDemo */,
			);
		};
/* End PBXProject section */

/* Begin PBXResourcesBuildPhase section */
		9D53202B27EBE5EB0067CE79 /* Resources */ = {
			isa = PBXResourcesBuildPhase;
			buildActionMask = 2147483647;
			files = (
				9D53203D27EBE5ED0067CE79 /* LaunchScreen.storyboard in Resources */,
				9D53203A27EBE5ED0067CE79 /* Assets.xcassets in Resources */,
				9D53203827EBE5EB0067CE79 /* Main.storyboard in Resources */,
			);
			runOnlyForDeploymentPostprocessing = 0;
		};
/* End PBXResourcesBuildPhase section */

/* Begin PBXShellScriptBuildPhase section */
		9D232E1428C0836500774F9C /* Add env variables */ = {
			isa = PBXShellScriptBuildPhase;
			buildActionMask = 2147483647;
			files = (
			);
			inputFileListPaths = (
			);
			inputPaths = (
				"$(BUILT_PRODUCTS_DIR)/$(INFOPLIST_PATH)",
			);
			name = "Add env variables";
			outputFileListPaths = (
			);
			outputPaths = (
			);
			runOnlyForDeploymentPostprocessing = 0;
			shellPath = /bin/sh;
			shellScript = "# Type a script or drag a script file from your workspace to insert its path.\nif [ -f ./env-variables.sh ]\nthen\nsource ./env-variables.sh\nfi\nINFO_PLIST=\"$BUILT_PRODUCTS_DIR/$INFOPLIST_PATH\"\n/usr/libexec/PlistBuddy -c \"Add :VERYFI_CLIENT_ID string $VERYFI_CLIENT_ID\" \"$INFO_PLIST\"\n/usr/libexec/PlistBuddy -c \"Add :VERYFI_USERNAME string $VERYFI_USERNAME\" \"$INFO_PLIST\"\n/usr/libexec/PlistBuddy -c \"Add :VERYFI_API_KEY string $VERYFI_API_KEY\" \"$INFO_PLIST\"\n/usr/libexec/PlistBuddy -c \"Add :VERYFI_URL string $VERYFI_URL\" \"$INFO_PLIST\"\n\n";
		};
		BE29ADEBC450077749958A07 /* [CP] Check Pods Manifest.lock */ = {
			isa = PBXShellScriptBuildPhase;
			buildActionMask = 2147483647;
			files = (
			);
			inputFileListPaths = (
			);
			inputPaths = (
				"${PODS_PODFILE_DIR_PATH}/Podfile.lock",
				"${PODS_ROOT}/Manifest.lock",
			);
			name = "[CP] Check Pods Manifest.lock";
			outputFileListPaths = (
			);
			outputPaths = (
				"$(DERIVED_FILE_DIR)/Pods-LensChecksDemo-checkManifestLockResult.txt",
			);
			runOnlyForDeploymentPostprocessing = 0;
			shellPath = /bin/sh;
			shellScript = "diff \"${PODS_PODFILE_DIR_PATH}/Podfile.lock\" \"${PODS_ROOT}/Manifest.lock\" > /dev/null\nif [ $? != 0 ] ; then\n    # print error to STDERR\n    echo \"error: The sandbox is not in sync with the Podfile.lock. Run 'pod install' or update your CocoaPods installation.\" >&2\n    exit 1\nfi\n# This output is used by Xcode 'outputs' to avoid re-running this script phase.\necho \"SUCCESS\" > \"${SCRIPT_OUTPUT_FILE_0}\"\n";
			showEnvVarsInLog = 0;
		};
		DE04917BCE3D997951CC3AE4 /* [CP] Embed Pods Frameworks */ = {
			isa = PBXShellScriptBuildPhase;
			buildActionMask = 2147483647;
			files = (
			);
			inputFileListPaths = (
				"${PODS_ROOT}/Target Support Files/Pods-LensChecksDemo/Pods-LensChecksDemo-frameworks-${CONFIGURATION}-input-files.xcfilelist",
			);
			name = "[CP] Embed Pods Frameworks";
			outputFileListPaths = (
				"${PODS_ROOT}/Target Support Files/Pods-LensChecksDemo/Pods-LensChecksDemo-frameworks-${CONFIGURATION}-output-files.xcfilelist",
			);
			runOnlyForDeploymentPostprocessing = 0;
			shellPath = /bin/sh;
			shellScript = "\"${PODS_ROOT}/Target Support Files/Pods-LensChecksDemo/Pods-LensChecksDemo-frameworks.sh\"\n";
			showEnvVarsInLog = 0;
		};
/* End PBXShellScriptBuildPhase section */

/* Begin PBXSourcesBuildPhase section */
		9D53202927EBE5EB0067CE79 /* Sources */ = {
			isa = PBXSourcesBuildPhase;
			buildActionMask = 2147483647;
			files = (
				9DF9FAE828EFD234001A4331 /* ValueTableViewCell.swift in Sources */,
				9DF9FADE28EFD1E5001A4331 /* Color+Hex.swift in Sources */,
				9DF9FAE628EFD223001A4331 /* SwitchTableViewCell.swift in Sources */,
				9DF9FAE128EFD1FC001A4331 /* Keys.swift in Sources */,
				9D53203527EBE5EB0067CE79 /* LogsViewController.swift in Sources */,
				9DF9FAEE28EFD272001A4331 /* LensSettings+TableViewDataSource.swift in Sources */,
				9DF9FAF228EFD290001A4331 /* LensSettingsViewController+ColorPickerDelegate.swift in Sources */,
				9DF9FAEA28EFD241001A4331 /* ColorTableViewCell.swift in Sources */,
				9DF9FAF028EFD283001A4331 /* LensSettingsViewController+TableViewDelegate.swift in Sources */,
				9DF9FAE328EFD209001A4331 /* VeryfiSwitch.swift in Sources */,
				9D53203127EBE5EB0067CE79 /* AppDelegate.swift in Sources */,
				9DF9FAEC28EFD262001A4331 /* LensSettingsViewController.swift in Sources */,
				9DF9FADC28EFD1D6001A4331 /* String+TitleCased.swift in Sources */,
				9D53203327EBE5EB0067CE79 /* SceneDelegate.swift in Sources */,
			);
			runOnlyForDeploymentPostprocessing = 0;
		};
/* End PBXSourcesBuildPhase section */

/* Begin PBXVariantGroup section */
		9D53203627EBE5EB0067CE79 /* Main.storyboard */ = {
			isa = PBXVariantGroup;
			children = (
				9D53203727EBE5EB0067CE79 /* Base */,
			);
			name = Main.storyboard;
			sourceTree = "<group>";
		};
		9D53203B27EBE5ED0067CE79 /* LaunchScreen.storyboard */ = {
			isa = PBXVariantGroup;
			children = (
				9D53203C27EBE5ED0067CE79 /* Base */,
			);
			name = LaunchScreen.storyboard;
			sourceTree = "<group>";
		};
/* End PBXVariantGroup section */

/* Begin XCBuildConfiguration section */
		9D53203F27EBE5ED0067CE79 /* Debug */ = {
			isa = XCBuildConfiguration;
			buildSettings = {
				ALWAYS_SEARCH_USER_PATHS = NO;
				CLANG_ANALYZER_NONNULL = YES;
				CLANG_ANALYZER_NUMBER_OBJECT_CONVERSION = YES_AGGRESSIVE;
				CLANG_CXX_LANGUAGE_STANDARD = "gnu++17";
				CLANG_CXX_LIBRARY = "libc++";
				CLANG_ENABLE_MODULES = YES;
				CLANG_ENABLE_OBJC_ARC = YES;
				CLANG_ENABLE_OBJC_WEAK = YES;
				CLANG_WARN_BLOCK_CAPTURE_AUTORELEASING = YES;
				CLANG_WARN_BOOL_CONVERSION = YES;
				CLANG_WARN_COMMA = YES;
				CLANG_WARN_CONSTANT_CONVERSION = YES;
				CLANG_WARN_DEPRECATED_OBJC_IMPLEMENTATIONS = YES;
				CLANG_WARN_DIRECT_OBJC_ISA_USAGE = YES_ERROR;
				CLANG_WARN_DOCUMENTATION_COMMENTS = YES;
				CLANG_WARN_EMPTY_BODY = YES;
				CLANG_WARN_ENUM_CONVERSION = YES;
				CLANG_WARN_INFINITE_RECURSION = YES;
				CLANG_WARN_INT_CONVERSION = YES;
				CLANG_WARN_NON_LITERAL_NULL_CONVERSION = YES;
				CLANG_WARN_OBJC_IMPLICIT_RETAIN_SELF = YES;
				CLANG_WARN_OBJC_LITERAL_CONVERSION = YES;
				CLANG_WARN_OBJC_ROOT_CLASS = YES_ERROR;
				CLANG_WARN_QUOTED_INCLUDE_IN_FRAMEWORK_HEADER = YES;
				CLANG_WARN_RANGE_LOOP_ANALYSIS = YES;
				CLANG_WARN_STRICT_PROTOTYPES = YES;
				CLANG_WARN_SUSPICIOUS_MOVE = YES;
				CLANG_WARN_UNGUARDED_AVAILABILITY = YES_AGGRESSIVE;
				CLANG_WARN_UNREACHABLE_CODE = YES;
				CLANG_WARN__DUPLICATE_METHOD_MATCH = YES;
				COPY_PHASE_STRIP = NO;
				DEBUG_INFORMATION_FORMAT = dwarf;
				ENABLE_STRICT_OBJC_MSGSEND = YES;
				ENABLE_TESTABILITY = YES;
				GCC_C_LANGUAGE_STANDARD = gnu11;
				GCC_DYNAMIC_NO_PIC = NO;
				GCC_NO_COMMON_BLOCKS = YES;
				GCC_OPTIMIZATION_LEVEL = 0;
				GCC_PREPROCESSOR_DEFINITIONS = (
					"DEBUG=1",
					"$(inherited)",
				);
				GCC_WARN_64_TO_32_BIT_CONVERSION = YES;
				GCC_WARN_ABOUT_RETURN_TYPE = YES_ERROR;
				GCC_WARN_UNDECLARED_SELECTOR = YES;
				GCC_WARN_UNINITIALIZED_AUTOS = YES_AGGRESSIVE;
				GCC_WARN_UNUSED_FUNCTION = YES;
				GCC_WARN_UNUSED_VARIABLE = YES;
				IPHONEOS_DEPLOYMENT_TARGET = 15.2;
				MTL_ENABLE_DEBUG_INFO = INCLUDE_SOURCE;
				MTL_FAST_MATH = YES;
				ONLY_ACTIVE_ARCH = YES;
				SDKROOT = iphoneos;
				SWIFT_ACTIVE_COMPILATION_CONDITIONS = DEBUG;
				SWIFT_OPTIMIZATION_LEVEL = "-Onone";
			};
			name = Debug;
		};
		9D53204027EBE5ED0067CE79 /* Release */ = {
			isa = XCBuildConfiguration;
			buildSettings = {
				ALWAYS_SEARCH_USER_PATHS = NO;
				CLANG_ANALYZER_NONNULL = YES;
				CLANG_ANALYZER_NUMBER_OBJECT_CONVERSION = YES_AGGRESSIVE;
				CLANG_CXX_LANGUAGE_STANDARD = "gnu++17";
				CLANG_CXX_LIBRARY = "libc++";
				CLANG_ENABLE_MODULES = YES;
				CLANG_ENABLE_OBJC_ARC = YES;
				CLANG_ENABLE_OBJC_WEAK = YES;
				CLANG_WARN_BLOCK_CAPTURE_AUTORELEASING = YES;
				CLANG_WARN_BOOL_CONVERSION = YES;
				CLANG_WARN_COMMA = YES;
				CLANG_WARN_CONSTANT_CONVERSION = YES;
				CLANG_WARN_DEPRECATED_OBJC_IMPLEMENTATIONS = YES;
				CLANG_WARN_DIRECT_OBJC_ISA_USAGE = YES_ERROR;
				CLANG_WARN_DOCUMENTATION_COMMENTS = YES;
				CLANG_WARN_EMPTY_BODY = YES;
				CLANG_WARN_ENUM_CONVERSION = YES;
				CLANG_WARN_INFINITE_RECURSION = YES;
				CLANG_WARN_INT_CONVERSION = YES;
				CLANG_WARN_NON_LITERAL_NULL_CONVERSION = YES;
				CLANG_WARN_OBJC_IMPLICIT_RETAIN_SELF = YES;
				CLANG_WARN_OBJC_LITERAL_CONVERSION = YES;
				CLANG_WARN_OBJC_ROOT_CLASS = YES_ERROR;
				CLANG_WARN_QUOTED_INCLUDE_IN_FRAMEWORK_HEADER = YES;
				CLANG_WARN_RANGE_LOOP_ANALYSIS = YES;
				CLANG_WARN_STRICT_PROTOTYPES = YES;
				CLANG_WARN_SUSPICIOUS_MOVE = YES;
				CLANG_WARN_UNGUARDED_AVAILABILITY = YES_AGGRESSIVE;
				CLANG_WARN_UNREACHABLE_CODE = YES;
				CLANG_WARN__DUPLICATE_METHOD_MATCH = YES;
				COPY_PHASE_STRIP = NO;
				DEBUG_INFORMATION_FORMAT = "dwarf-with-dsym";
				ENABLE_NS_ASSERTIONS = NO;
				ENABLE_STRICT_OBJC_MSGSEND = YES;
				GCC_C_LANGUAGE_STANDARD = gnu11;
				GCC_NO_COMMON_BLOCKS = YES;
				GCC_WARN_64_TO_32_BIT_CONVERSION = YES;
				GCC_WARN_ABOUT_RETURN_TYPE = YES_ERROR;
				GCC_WARN_UNDECLARED_SELECTOR = YES;
				GCC_WARN_UNINITIALIZED_AUTOS = YES_AGGRESSIVE;
				GCC_WARN_UNUSED_FUNCTION = YES;
				GCC_WARN_UNUSED_VARIABLE = YES;
				IPHONEOS_DEPLOYMENT_TARGET = 15.2;
				MTL_ENABLE_DEBUG_INFO = NO;
				MTL_FAST_MATH = YES;
				SDKROOT = iphoneos;
				SWIFT_COMPILATION_MODE = wholemodule;
				SWIFT_OPTIMIZATION_LEVEL = "-O";
				VALIDATE_PRODUCT = YES;
			};
			name = Release;
		};
		9D53204227EBE5ED0067CE79 /* Debug */ = {
			isa = XCBuildConfiguration;
			baseConfigurationReference = 079F8E0682EE432FA0393AE5 /* Pods-LensChecksDemo.debug.xcconfig */;
			buildSettings = {
				ASSETCATALOG_COMPILER_APPICON_NAME = AppIcon;
				ASSETCATALOG_COMPILER_GLOBAL_ACCENT_COLOR_NAME = AccentColor;
				CODE_SIGN_STYLE = Automatic;
				CURRENT_PROJECT_VERSION = 1;
				DEVELOPMENT_TEAM = PVK8E2NA4T;
				ENABLE_BITCODE = NO;
				GENERATE_INFOPLIST_FILE = YES;
				INFOPLIST_FILE = LensChecksDemo/Info.plist;
				INFOPLIST_KEY_UIApplicationSupportsIndirectInputEvents = YES;
				INFOPLIST_KEY_UILaunchStoryboardName = LaunchScreen;
				INFOPLIST_KEY_UIMainStoryboardFile = Main;
				INFOPLIST_KEY_UISupportedInterfaceOrientations = "UIInterfaceOrientationPortrait UIInterfaceOrientationPortraitUpsideDown";
				INFOPLIST_KEY_UISupportedInterfaceOrientations_iPad = "UIInterfaceOrientationPortrait UIInterfaceOrientationPortraitUpsideDown UIInterfaceOrientationLandscapeLeft UIInterfaceOrientationLandscapeRight";
				INFOPLIST_KEY_UISupportedInterfaceOrientations_iPhone = "UIInterfaceOrientationPortrait UIInterfaceOrientationLandscapeLeft UIInterfaceOrientationLandscapeRight";
				LD_RUNPATH_SEARCH_PATHS = (
					"$(inherited)",
					"@executable_path/Frameworks",
				);
				MARKETING_VERSION = 1.0;
				PRODUCT_BUNDLE_IDENTIFIER = com.veryfi.LensChecksDemo;
				PRODUCT_NAME = "$(TARGET_NAME)";
				SWIFT_EMIT_LOC_STRINGS = YES;
				SWIFT_VERSION = 5.0;
				TARGETED_DEVICE_FAMILY = "1,2";
			};
			name = Debug;
		};
		9D53204327EBE5ED0067CE79 /* Release */ = {
			isa = XCBuildConfiguration;
			baseConfigurationReference = 810907D8964889BD80E1A1D9 /* Pods-LensChecksDemo.release.xcconfig */;
			buildSettings = {
				ASSETCATALOG_COMPILER_APPICON_NAME = AppIcon;
				ASSETCATALOG_COMPILER_GLOBAL_ACCENT_COLOR_NAME = AccentColor;
				CODE_SIGN_STYLE = Automatic;
				CURRENT_PROJECT_VERSION = 1;
				DEVELOPMENT_TEAM = PVK8E2NA4T;
				ENABLE_BITCODE = NO;
				GENERATE_INFOPLIST_FILE = YES;
				INFOPLIST_FILE = LensChecksDemo/Info.plist;
				INFOPLIST_KEY_UIApplicationSupportsIndirectInputEvents = YES;
				INFOPLIST_KEY_UILaunchStoryboardName = LaunchScreen;
				INFOPLIST_KEY_UIMainStoryboardFile = Main;
				INFOPLIST_KEY_UISupportedInterfaceOrientations = "UIInterfaceOrientationPortrait UIInterfaceOrientationPortraitUpsideDown";
				INFOPLIST_KEY_UISupportedInterfaceOrientations_iPad = "UIInterfaceOrientationPortrait UIInterfaceOrientationPortraitUpsideDown UIInterfaceOrientationLandscapeLeft UIInterfaceOrientationLandscapeRight";
				INFOPLIST_KEY_UISupportedInterfaceOrientations_iPhone = "UIInterfaceOrientationPortrait UIInterfaceOrientationLandscapeLeft UIInterfaceOrientationLandscapeRight";
				LD_RUNPATH_SEARCH_PATHS = (
					"$(inherited)",
					"@executable_path/Frameworks",
				);
				MARKETING_VERSION = 1.0;
				PRODUCT_BUNDLE_IDENTIFIER = com.veryfi.LensChecksDemo;
				PRODUCT_NAME = "$(TARGET_NAME)";
				SWIFT_EMIT_LOC_STRINGS = YES;
				SWIFT_VERSION = 5.0;
				TARGETED_DEVICE_FAMILY = "1,2";
			};
			name = Release;
		};
/* End XCBuildConfiguration section */

/* Begin XCConfigurationList section */
		9D53202827EBE5EB0067CE79 /* Build configuration list for PBXProject "LensChecksDemo" */ = {
			isa = XCConfigurationList;
			buildConfigurations = (
				9D53203F27EBE5ED0067CE79 /* Debug */,
				9D53204027EBE5ED0067CE79 /* Release */,
			);
			defaultConfigurationIsVisible = 0;
			defaultConfigurationName = Release;
		};
		9D53204127EBE5ED0067CE79 /* Build configuration list for PBXNativeTarget "LensChecksDemo" */ = {
			isa = XCConfigurationList;
			buildConfigurations = (
				9D53204227EBE5ED0067CE79 /* Debug */,
				9D53204327EBE5ED0067CE79 /* Release */,
			);
			defaultConfigurationIsVisible = 0;
			defaultConfigurationName = Release;
		};
/* End XCConfigurationList section */
	};
	rootObject = 9D53202527EBE5EB0067CE79 /* Project object */;
}
